
Microsoft Visual Studio Solution File, Format Version 12.00
# Visual Studio Version 17
VisualStudioVersion = 17.5.002.0
MinimumVisualStudioVersion = 10.0.40219.1
Project("{2150E333-8FDC-42A3-9474-1A3956D46DE8}") = "exa", "exa", "{DB2020F3-500B-4830-94B0-6227B6300189}"
EndProject
Project("{9A19103F-16F7-4668-BE54-9A1E7A4F7556}") = "Exa001_HolleComander", "exa\Exa001_HolleComander\Exa001_HolleComander.csproj", "{4CDC7A34-B128-4C2A-B633-2A5517C0F14B}"
EndProject
Global
	GlobalSection(SolutionConfigurationPlatforms) = preSolution
		Debug|Any CPU = Debug|Any CPU
		Release|Any CPU = Release|Any CPU
	EndGlobalSection
	GlobalSection(ProjectConfigurationPlatforms) = postSolution
		{4CDC7A34-B128-4C2A-B633-2A5517C0F14B}.Debug|Any CPU.ActiveCfg = Debug|Any CPU
		{4CDC7A34-B128-4C2A-B633-2A5517C0F14B}.Debug|Any CPU.Build.0 = Debug|Any CPU
		{4CDC7A34-B128-4C2A-B633-2A5517C0F14B}.Release|Any CPU.ActiveCfg = Release|Any CPU
		{4CDC7A34-B128-4C2A-B633-2A5517C0F14B}.Release|Any CPU.Build.0 = Release|Any CPU
	EndGlobalSection
	GlobalSection(SolutionProperties) = preSolution
		HideSolutionNode = FALSE
	EndGlobalSection
	GlobalSection(NestedProjects) = preSolution
		{4CDC7A34-B128-4C2A-B633-2A5517C0F14B} = {DB2020F3-500B-4830-94B0-6227B6300189}
	EndGlobalSection
	GlobalSection(ExtensibilityGlobals) = postSolution
		SolutionGuid = {56152A4B-E43D-47AE-BAC4-297419F1D555}
	EndGlobalSection
EndGlobal
